
Microsoft Visual Studio Solution File, Format Version 12.00
# Visual Studio Version 17
VisualStudioVersion = 17.12.35527.113 d17.12
MinimumVisualStudioVersion = 10.0.40219.1
Project("{FAE04EC0-301F-11D3-BF4B-00C04F79EFBC}") = "FacadeFinal", "FacadeFinal\FacadeFinal.csproj", "{F5CE70D6-977F-4B21-9287-14CF92A52A8F}"
EndProject
Project("{FAE04EC0-301F-11D3-BF4B-00C04F79EFBC}") = "MyFacade", "MyFacade\MyFacade.csproj", "{D139B14F-654B-40B8-8D20-C87B7BACB1CD}"
EndProject
Global
	GlobalSection(SolutionConfigurationPlatforms) = preSolution
		Debug|Any CPU = Debug|Any CPU
		Release|Any CPU = Release|Any CPU
	EndGlobalSection
	GlobalSection(ProjectConfigurationPlatforms) = postSolution
		{F5CE70D6-977F-4B21-9287-14CF92A52A8F}.Debug|Any CPU.ActiveCfg = Debug|Any CPU
		{F5CE70D6-977F-4B21-9287-14CF92A52A8F}.Debug|Any CPU.Build.0 = Debug|Any CPU
		{F5CE70D6-977F-4B21-9287-14CF92A52A8F}.Release|Any CPU.ActiveCfg = Release|Any CPU
		{F5CE70D6-977F-4B21-9287-14CF92A52A8F}.Release|Any CPU.Build.0 = Release|Any CPU
		{D139B14F-654B-40B8-8D20-C87B7BACB1CD}.Debug|Any CPU.ActiveCfg = Debug|Any CPU
		{D139B14F-654B-40B8-8D20-C87B7BACB1CD}.Debug|Any CPU.Build.0 = Debug|Any CPU
		{D139B14F-654B-40B8-8D20-C87B7BACB1CD}.Release|Any CPU.ActiveCfg = Release|Any CPU
		{D139B14F-654B-40B8-8D20-C87B7BACB1CD}.Release|Any CPU.Build.0 = Release|Any CPU
	EndGlobalSection
	GlobalSection(SolutionProperties) = preSolution
		HideSolutionNode = FALSE
	EndGlobalSection
EndGlobal
